{
  "name": "creative_agent",
  "lockfileVersion": 3,
  "requires": true,
  "packages": {
    "": {
      "dependencies": {
        "@cloudflare/sandbox": "^0.7.10"
      }
    },
    "node_modules/@cloudflare/containers": {
      "version": "0.0.30",
      "resolved": "https://registry.npmjs.org/@cloudflare/containers/-/containers-0.0.30.tgz",
      "integrity": "sha512-i148xBgmyn/pje82ZIyuTr/Ae0BT/YWwa1/GTJcw6DxEjUHAzZLaBCiX446U9OeuJ2rBh/L/9FIzxX5iYNt1AQ==",
      "license": "ISC"
    },
    "node_modules/@cloudflare/sandbox": {
      "version": "0.7.10",
      "resolved": "https://registry.npmjs.org/@cloudflare/sandbox/-/sandbox-0.7.10.tgz",
      "integrity": "sha512-XgcvP74bSwabRD2fX5yxjQd9fVxyHLxvmxzoicGjS+vWnfli/u3j7sSYZnAA1vsMhBn5lubQwkK6pi9li07XSQ==",
      "license": "Apache-2.0",
      "dependencies": {
        "@cloudflare/containers": "^0.0.30",
        "aws4fetch": "^1.0.20"
      },
      "peerDependencies": {
        "@openai/agents": "^0.3.3",
        "@opencode-ai/sdk": "^1.1.40",
        "@xterm/xterm": ">=5.0.0"
      },
      "peerDependenciesMeta": {
        "@openai/agents": {
          "optional": true
        },
        "@opencode-ai/sdk": {
          "optional": true
        },
        "@xterm/xterm": {
          "optional": true
        }
      }
    },
    "node_modules/aws4fetch": {
      "version": "1.0.20",
      "resolved": "https://registry.npmjs.org/aws4fetch/-/aws4fetch-1.0.20.tgz",
      "integrity": "sha512-/djoAN709iY65ETD6LKCtyyEI04XIBP5xVvfmNxsEP0uJB5tyaGBztSryRr4HqMStr9R06PisQE7m9zDTXKu6g==",
      "license": "MIT"
    }
  }
}
